
Microsoft Visual Studio Solution File, Format Version 12.00
# Visual Studio 15
VisualStudioVersion = 15.0.28010.2050
MinimumVisualStudioVersion = 10.0.40219.1
Project("{FAE04EC0-301F-11D3-BF4B-00C04F79EFBC}") = "LinearProgrammingProblemParser", "LinearProgrammingProblemParser\LinearProgrammingProblemParser.csproj", "{3D87B25A-0073-4A87-B123-5A3301A3AFD2}"
EndProject
Global
	GlobalSection(SolutionConfigurationPlatforms) = preSolution
		Debug|Any CPU = Debug|Any CPU
		Release|Any CPU = Release|Any CPU
	EndGlobalSection
	GlobalSection(ProjectConfigurationPlatforms) = postSolution
		{3D87B25A-0073-4A87-B123-5A3301A3AFD2}.Debug|Any CPU.ActiveCfg = Debug|Any CPU
		{3D87B25A-0073-4A87-B123-5A3301A3AFD2}.Debug|Any CPU.Build.0 = Debug|Any CPU
		{3D87B25A-0073-4A87-B123-5A3301A3AFD2}.Release|Any CPU.ActiveCfg = Release|Any CPU
		{3D87B25A-0073-4A87-B123-5A3301A3AFD2}.Release|Any CPU.Build.0 = Release|Any CPU
	EndGlobalSection
	GlobalSection(SolutionProperties) = preSolution
		HideSolutionNode = FALSE
	EndGlobalSection
	GlobalSection(ExtensibilityGlobals) = postSolution
		SolutionGuid = {E1713F37-B6B8-4E8D-94AE-F576288289B2}
	EndGlobalSection
EndGlobal
